version: 6
environments:
  default:
    channels:
    - url: https://conda.anaconda.org/conda-forge/
    options:
      pypi-prerelease-mode: if-necessary-or-explicit
    packages:
      linux-64:
      - conda: https://conda.anaconda.org/conda-forge/linux-64/7zip-26.01-h171cf75_0.conda
      - conda: https://conda.anaconda.org/conda-forge/linux-64/_openmp_mutex-4.5-20_gnu.conda
      - conda: https://conda.anaconda.org/conda-forge/linux-64/actionlint-1.7.12-h8bc977c_0.conda
      - conda: https://conda.anaconda.org/conda-forge/noarch/backports.zstd-1.3.0-py314h680f03e_0.conda
      - conda: https://conda.anaconda.org/conda-forge/noarch/beautifulsoup4-4.14.3-pyha770c72_0.conda
      - conda: https://conda.anaconda.org/conda-forge/linux-64/brotli-python-1.2.0-py314h3de4e8d_1.conda
      - conda: https://conda.anaconda.org/conda-forge/linux-64/bzip2-1.0.8-hda65f42_9.conda
      - conda: https://conda.anaconda.org/conda-forge/noarch/ca-certificates-2026.4.22-hbd8a1cb_0.conda
      - conda: https://conda.anaconda.org/conda-forge/noarch/certifi-2026.4.22-pyhd8ed1ab_0.conda
      - conda: https://conda.anaconda.org/conda-forge/noarch/charset-normalizer-3.4.7-pyhd8ed1ab_0.conda
      - conda: https://conda.anaconda.org/conda-forge/noarch/h2-4.3.0-pyhcf101f3_0.conda
      - conda: https://conda.anaconda.org/conda-forge/noarch/hpack-4.1.0-pyhd8ed1ab_0.conda
      - conda: https://conda.anaconda.org/conda-forge/noarch/hyperframe-6.1.0-pyhd8ed1ab_0.conda
      - conda: https://conda.anaconda.org/conda-forge/linux-64/icu-78.3-h33c6efd_0.conda
      - conda: https://conda.anaconda.org/conda-forge/noarch/idna-3.13-pyhcf101f3_0.conda
      - conda: https://conda.anaconda.org/conda-forge/linux-64/ld_impl_linux-64-2.45.1-default_hbd61a6d_102.conda
      - conda: https://conda.anaconda.org/conda-forge/linux-64/libexpat-2.7.5-hecca717_0.conda
      - conda: https://conda.anaconda.org/conda-forge/linux-64/libffi-3.5.2-h3435931_0.conda
      - conda: https://conda.anaconda.org/conda-forge/linux-64/libgcc-15.2.0-he0feb66_18.conda
      - conda: https://conda.anaconda.org/conda-forge/linux-64/libgcc-ng-15.2.0-h69a702a_18.conda
      - conda: https://conda.anaconda.org/conda-forge/linux-64/libgomp-15.2.0-he0feb66_18.conda
      - conda: https://conda.anaconda.org/conda-forge/linux-64/liblzma-5.8.3-hb03c661_0.conda
      - conda: https://conda.anaconda.org/conda-forge/linux-64/libmpdec-4.0.0-hb03c661_1.conda
      - conda: https://conda.anaconda.org/conda-forge/linux-64/libsqlite-3.53.0-hf4e2dac_0.conda
      - conda: https://conda.anaconda.org/conda-forge/linux-64/libstdcxx-15.2.0-h934c35e_18.conda
      - conda: https://conda.anaconda.org/conda-forge/linux-64/libstdcxx-ng-15.2.0-hdf11a46_18.conda
      - conda: https://conda.anaconda.org/conda-forge/linux-64/libuuid-2.42-h5347b49_0.conda
      - conda: https://conda.anaconda.org/conda-forge/linux-64/libzlib-1.3.2-h25fd6f3_2.conda
      - conda: https://conda.anaconda.org/conda-forge/linux-64/ncurses-6.6-hdb14827_0.conda
      - conda: https://conda.anaconda.org/conda-forge/linux-64/openssl-3.6.2-h35e630c_0.conda
      - conda: https://conda.anaconda.org/conda-forge/linux-64/patchelf-0.17.2-h58526e2_0.conda
      - conda: https://conda.anaconda.org/conda-forge/linux-64/pinact-3.9.2-hfc2019e_0.conda
      - conda: https://conda.anaconda.org/conda-forge/noarch/pysocks-1.7.1-pyha55dd90_7.conda
      - conda: https://conda.anaconda.org/conda-forge/linux-64/python-3.14.4-habeac84_100_cp314.conda
      - conda: https://conda.anaconda.org/conda-forge/noarch/python_abi-3.14-8_cp314.conda
      - conda: https://conda.anaconda.org/conda-forge/linux-64/rattler-build-0.63.1-ha759004_0.conda
      - conda: https://conda.anaconda.org/conda-forge/linux-64/readline-8.3-h853b02a_0.conda
      - conda: https://conda.anaconda.org/conda-forge/noarch/requests-2.33.1-pyhcf101f3_1.conda
      - conda: https://conda.anaconda.org/conda-forge/noarch/soupsieve-2.8.3-pyhd8ed1ab_0.conda
      - conda: https://conda.anaconda.org/conda-forge/linux-64/tk-8.6.13-noxft_h366c992_103.conda
      - conda: https://conda.anaconda.org/conda-forge/noarch/typing-extensions-4.15.0-h396c80c_0.conda
      - conda: https://conda.anaconda.org/conda-forge/noarch/typing_extensions-4.15.0-pyhcf101f3_0.conda
      - conda: https://conda.anaconda.org/conda-forge/noarch/tzdata-2025c-hc9c84f9_1.conda
      - conda: https://conda.anaconda.org/conda-forge/noarch/urllib3-2.6.3-pyhd8ed1ab_0.conda
      - conda: https://conda.anaconda.org/conda-forge/linux-64/zizmor-1.24.1-hb17b654_0.conda
      - conda: https://conda.anaconda.org/conda-forge/linux-64/zstd-1.5.7-hb78ec9c_6.conda
      linux-aarch64:
      - conda: https://conda.anaconda.org/conda-forge/linux-aarch64/7zip-26.01-hdc560ac_0.conda
      - conda: https://conda.anaconda.org/conda-forge/linux-aarch64/_openmp_mutex-4.5-20_gnu.conda
      - conda: https://conda.anaconda.org/conda-forge/linux-aarch64/actionlint-1.7.12-hddfeb4d_0.conda
      - conda: https://conda.anaconda.org/conda-forge/noarch/backports.zstd-1.3.0-py314h680f03e_0.conda
      - conda: https://conda.anaconda.org/conda-forge/noarch/beautifulsoup4-4.14.3-pyha770c72_0.conda
      - conda: https://conda.anaconda.org/conda-forge/linux-aarch64/brotli-python-1.2.0-py314h352cb57_1.conda
      - conda: https://conda.anaconda.org/conda-forge/linux-aarch64/bzip2-1.0.8-h4777abc_9.conda
      - conda: https://conda.anaconda.org/conda-forge/noarch/ca-certificates-2026.4.22-hbd8a1cb_0.conda
      - conda: https://conda.anaconda.org/conda-forge/noarch/certifi-2026.4.22-pyhd8ed1ab_0.conda
      - conda: https://conda.anaconda.org/conda-forge/noarch/charset-normalizer-3.4.7-pyhd8ed1ab_0.conda
      - conda: https://conda.anaconda.org/conda-forge/noarch/h2-4.3.0-pyhcf101f3_0.conda
      - conda: https://conda.anaconda.org/conda-forge/noarch/hpack-4.1.0-pyhd8ed1ab_0.conda
      - conda: https://conda.anaconda.org/conda-forge/noarch/hyperframe-6.1.0-pyhd8ed1ab_0.conda
      - conda: https://conda.anaconda.org/conda-forge/noarch/idna-3.13-pyhcf101f3_0.conda
      - conda: https://conda.anaconda.org/conda-forge/linux-aarch64/ld_impl_linux-aarch64-2.45.1-default_h1979696_102.conda
      - conda: https://conda.anaconda.org/conda-forge/linux-aarch64/libexpat-2.7.5-hfae3067_0.conda
      - conda: https://conda.anaconda.org/conda-forge/linux-aarch64/libffi-3.5.2-h376a255_0.conda
      - conda: https://conda.anaconda.org/conda-forge/linux-aarch64/libgcc-15.2.0-h8acb6b2_18.conda
      - conda: https://conda.anaconda.org/conda-forge/linux-aarch64/libgcc-ng-15.2.0-he9431aa_18.conda
      - conda: https://conda.anaconda.org/conda-forge/linux-aarch64/libgomp-15.2.0-h8acb6b2_18.conda
      - conda: https://conda.anaconda.org/conda-forge/linux-aarch64/liblzma-5.8.3-he30d5cf_0.conda
      - conda: https://conda.anaconda.org/conda-forge/linux-aarch64/libmpdec-4.0.0-he30d5cf_1.conda
      - conda: https://conda.anaconda.org/conda-forge/linux-aarch64/libsqlite-3.53.0-h022381a_0.conda
      - conda: https://conda.anaconda.org/conda-forge/linux-aarch64/libstdcxx-15.2.0-hef695bb_18.conda
      - conda: https://conda.anaconda.org/conda-forge/linux-aarch64/libstdcxx-ng-15.2.0-hdbbeba8_18.conda
      - conda: https://conda.anaconda.org/conda-forge/linux-aarch64/libuuid-2.42-h1022ec0_0.conda
      - conda: https://conda.anaconda.org/conda-forge/linux-aarch64/libzlib-1.3.2-hdc9db2a_2.conda
      - conda: https://conda.anaconda.org/conda-forge/linux-aarch64/ncurses-6.6-hf8d1292_0.conda
      - conda: https://conda.anaconda.org/conda-forge/linux-aarch64/openssl-3.6.2-h546c87b_0.conda
      - conda: https://conda.anaconda.org/conda-forge/linux-aarch64/patchelf-0.17.2-h884eca8_0.conda
      - conda: https://conda.anaconda.org/conda-forge/linux-aarch64/pinact-3.9.2-h22914b5_0.conda
      - conda: https://conda.anaconda.org/conda-forge/noarch/pysocks-1.7.1-pyha55dd90_7.conda
      - conda: https://conda.anaconda.org/conda-forge/linux-aarch64/python-3.14.4-hfd9ac0a_100_cp314.conda
      - conda: https://conda.anaconda.org/conda-forge/noarch/python_abi-3.14-8_cp314.conda
      - conda: https://conda.anaconda.org/conda-forge/linux-aarch64/rattler-build-0.63.1-h1d7f6d8_0.conda
      - conda: https://conda.anaconda.org/conda-forge/linux-aarch64/readline-8.3-hb682ff5_0.conda
      - conda: https://conda.anaconda.org/conda-forge/noarch/requests-2.33.1-pyhcf101f3_1.conda
      - conda: https://conda.anaconda.org/conda-forge/noarch/soupsieve-2.8.3-pyhd8ed1ab_0.conda
      - conda: https://conda.anaconda.org/conda-forge/linux-aarch64/tk-8.6.13-noxft_h0dc03b3_103.conda
      - conda: https://conda.anaconda.org/conda-forge/noarch/typing-extensions-4.15.0-h396c80c_0.conda
      - conda: https://conda.anaconda.org/conda-forge/noarch/typing_extensions-4.15.0-pyhcf101f3_0.conda
      - conda: https://conda.anaconda.org/conda-forge/noarch/tzdata-2025c-hc9c84f9_1.conda
      - conda: https://conda.anaconda.org/conda-forge/noarch/urllib3-2.6.3-pyhd8ed1ab_0.conda
      - conda: https://conda.anaconda.org/conda-forge/linux-aarch64/zizmor-1.24.1-h069e38c_0.conda
      - conda: https://conda.anaconda.org/conda-forge/linux-aarch64/zstd-1.5.7-h85ac4a6_6.conda
packages:
- conda: https://conda.anaconda.org/conda-forge/linux-64/7zip-26.01-h171cf75_0.conda
  sha256: fb1a5585d50c08c7e87db8a752e9936b3ff8b53cc20d277cae427ac04b7f75f5
  md5: 3043559f308bd4a1237a4a2d2af8b9e4
  depends:
  - libstdcxx >=14
  - libgcc >=14
  - __glibc >=2.17,<3.0.a0
  constrains:
  - 7za ==999999999
  license: LGPL-2.1-or-later AND LicenseRef-LGPL-2.1-or-later-with-unRAR-restriction
  size: 1665660
  timestamp: 1777327696430
- conda: https://conda.anaconda.org/conda-forge/linux-aarch64/7zip-26.01-hdc560ac_0.conda
  sha256: 8f2e2bea86cd71d98ed39eb3d07afc03f967dd86b157ff830eba42538c0abf05
  md5: 25751c3a675763ae8e8dff577a355fca
  depends:
  - libstdcxx >=14
  - libgcc >=14
  constrains:
  - 7za ==999999999
  license: LGPL-2.1-or-later AND LicenseRef-LGPL-2.1-or-later-with-unRAR-restriction
  size: 1600628
  timestamp: 1777327712316
- conda: https://conda.anaconda.org/conda-forge/linux-64/_openmp_mutex-4.5-20_gnu.conda
  build_number: 20
  sha256: 1dd3fffd892081df9726d7eb7e0dea6198962ba775bd88842135a4ddb4deb3c9
  md5: a9f577daf3de00bca7c3c76c0ecbd1de
  depends:
  - __glibc >=2.17,<3.0.a0
  - libgomp >=7.5.0
  constrains:
  - openmp_impl <0.0a0
  license: BSD-3-Clause
  license_family: BSD
  size: 28948
  timestamp: 1770939786096
- conda: https://conda.anaconda.org/conda-forge/linux-aarch64/_openmp_mutex-4.5-20_gnu.conda
  build_number: 20
  sha256: a2527b1d81792a0ccd2c05850960df119c2b6d8f5fdec97f2db7d25dc23b1068
  md5: 468fd3bb9e1f671d36c2cbc677e56f1d
  depends:
  - libgomp >=7.5.0
  constrains:
  - openmp_impl <0.0a0
  license: BSD-3-Clause
  license_family: BSD
  size: 28926
  timestamp: 1770939656741
- conda: https://conda.anaconda.org/conda-forge/linux-64/actionlint-1.7.12-h8bc977c_0.conda
  sha256: 1fff5ee0d83045ef90104ca83f52b4c44feb4ab2036fc7903fe9733f50721209
  md5: bab393750db08f50eebaf96f50d18734
  depends:
  - libgcc >=14
  - __glibc >=2.17
  - __glibc >=2.17,<3.0.a0
  license: MIT
  license_family: MIT
  size: 2131192
  timestamp: 1774975766537
- conda: https://conda.anaconda.org/conda-forge/linux-aarch64/actionlint-1.7.12-hddfeb4d_0.conda
  sha256: f05c5b7919974955fbb29dd28d3658ecac758fed89c3fd8223d1db97b139d722
  md5: ebe43da3051320d989a8ffbeb72b7a9c
  depends:
  - libgcc >=14
  license: MIT
  license_family: MIT
  size: 1905426
  timestamp: 1774975778273
- conda: https://conda.anaconda.org/conda-forge/noarch/backports.zstd-1.3.0-py314h680f03e_0.conda
  noarch: generic
  sha256: c31ab719d256bc6f89926131e88ecd0f0c5d003fe8481852c6424f4ec6c7eb29
  md5: a2ac7763a9ac75055b68f325d3255265
  depends:
  - python >=3.14
  license: BSD-3-Clause AND MIT AND EPL-2.0
  size: 7514
  timestamp: 1767044983590
- conda: https://conda.anaconda.org/conda-forge/noarch/beautifulsoup4-4.14.3-pyha770c72_0.conda
  sha256: bf1e71c3c0a5b024e44ff928225a0874fc3c3356ec1a0b6fe719108e6d1288f6
  md5: 5267bef8efea4127aacd1f4e1f149b6e
  depends:
  - python >=3.10
  - soupsieve >=1.2
  - typing-extensions
  license: MIT
  license_family: MIT
  size: 90399
  timestamp: 1764520638652
- conda: https://conda.anaconda.org/conda-forge/linux-64/brotli-python-1.2.0-py314h3de4e8d_1.conda
  sha256: 3ad3500bff54a781c29f16ce1b288b36606e2189d0b0ef2f67036554f47f12b0
  md5: 8910d2c46f7e7b519129f486e0fe927a
  depends:
  - __glibc >=2.17,<3.0.a0
  - libgcc >=14
  - libstdcxx >=14
  - python >=3.14,<3.15.0a0
  - python_abi 3.14.* *_cp314
  constrains:
  - libbrotlicommon 1.2.0 hb03c661_1
  license: MIT
  license_family: MIT
  size: 367376
  timestamp: 1764017265553
- conda: https://conda.anaconda.org/conda-forge/linux-aarch64/brotli-python-1.2.0-py314h352cb57_1.conda
  sha256: 5a5b0cdcd7ed89c6a8fb830924967f6314a2b71944bc1ebc2c105781ba97aa75
  md5: a1b5c571a0923a205d663d8678df4792
  depends:
  - libgcc >=14
  - libstdcxx >=14
  - python >=3.14,<3.15.0a0
  - python >=3.14,<3.15.0a0 *_cp314
  - python_abi 3.14.* *_cp314
  constrains:
  - libbrotlicommon 1.2.0 he30d5cf_1
  license: MIT
  license_family: MIT
  size: 373193
  timestamp: 1764017486851
- conda: https://conda.anaconda.org/conda-forge/linux-64/bzip2-1.0.8-hda65f42_9.conda
  sha256: 0b75d45f0bba3e95dc693336fa51f40ea28c980131fec438afb7ce6118ed05f6
  md5: d2ffd7602c02f2b316fd921d39876885
  depends:
  - __glibc >=2.17,<3.0.a0
  - libgcc >=14
  license: bzip2-1.0.6
  license_family: BSD
  size: 260182
  timestamp: 1771350215188
- conda: https://conda.anaconda.org/conda-forge/linux-aarch64/bzip2-1.0.8-h4777abc_9.conda
  sha256: b3495077889dde6bb370938e7db82be545c73e8589696ad0843a32221520ad4c
  md5: 840d8fc0d7b3209be93080bc20e07f2d
  depends:
  - libgcc >=14
  license: bzip2-1.0.6
  license_family: BSD
  size: 192412
  timestamp: 1771350241232
- conda: https://conda.anaconda.org/conda-forge/noarch/ca-certificates-2026.4.22-hbd8a1cb_0.conda
  sha256: c9dbcc8039a52023660d6d1bbf87594a93dd69c6ac5a2a44323af2c92976728d
  md5: e18ad67cf881dcadee8b8d9e2f8e5f73
  depends:
  - __unix
  license: ISC
  size: 131039
  timestamp: 1776865545798
- conda: https://conda.anaconda.org/conda-forge/noarch/certifi-2026.4.22-pyhd8ed1ab_0.conda
  sha256: 989db6e5957c4b44fa600c68c681ec2f36a55e48f7c7f1c073d5e91caa8cd878
  md5: 929471569c93acefb30282a22060dcd5
  depends:
  - python >=3.10
  license: ISC
  size: 135656
  timestamp: 1776866680878
- conda: https://conda.anaconda.org/conda-forge/noarch/charset-normalizer-3.4.7-pyhd8ed1ab_0.conda
  sha256: 3f9483d62ce24ecd063f8a5a714448445dc8d9e201147c46699fc0033e824457
  md5: a9167b9571f3baa9d448faa2139d1089
  depends:
  - python >=3.10
  license: MIT
  license_family: MIT
  size: 58872
  timestamp: 1775127203018
- conda: https://conda.anaconda.org/conda-forge/noarch/h2-4.3.0-pyhcf101f3_0.conda
  sha256: 84c64443368f84b600bfecc529a1194a3b14c3656ee2e832d15a20e0329b6da3
  md5: 164fc43f0b53b6e3a7bc7dce5e4f1dc9
  depends:
  - python >=3.10
  - hyperframe >=6.1,<7
  - hpack >=4.1,<5
  - python
  license: MIT
  license_family: MIT
  size: 95967
  timestamp: 1756364871835
- conda: https://conda.anaconda.org/conda-forge/noarch/hpack-4.1.0-pyhd8ed1ab_0.conda
  sha256: 6ad78a180576c706aabeb5b4c8ceb97c0cb25f1e112d76495bff23e3779948ba
  md5: 0a802cb9888dd14eeefc611f05c40b6e
  depends:
  - python >=3.9
  license: MIT
  license_family: MIT
  size: 30731
  timestamp: 1737618390337
- conda: https://conda.anaconda.org/conda-forge/noarch/hyperframe-6.1.0-pyhd8ed1ab_0.conda
  sha256: 77af6f5fe8b62ca07d09ac60127a30d9069fdc3c68d6b256754d0ffb1f7779f8
  md5: 8e6923fc12f1fe8f8c4e5c9f343256ac
  depends:
  - python >=3.9
  license: MIT
  license_family: MIT
  size: 17397
  timestamp: 1737618427549
- conda: https://conda.anaconda.org/conda-forge/linux-64/icu-78.3-h33c6efd_0.conda
  sha256: fbf86c4a59c2ed05bbffb2ba25c7ed94f6185ec30ecb691615d42342baa1a16a
  md5: c80d8a3b84358cb967fa81e7075fbc8a
  depends:
  - __glibc >=2.17,<3.0.a0
  - libgcc >=14
  - libstdcxx >=14
  license: MIT
  license_family: MIT
  size: 12723451
  timestamp: 1773822285671
- conda: https://conda.anaconda.org/conda-forge/noarch/idna-3.13-pyhcf101f3_0.conda
  sha256: 9ab620e6f64bb67737bd7bc1ad6f480770124e304c6710617aba7fe60b089f48
  md5: fb7130c190f9b4ec91219840a05ba3ac
  depends:
  - python >=3.10
  - python
  license: BSD-3-Clause
  license_family: BSD
  size: 59038
  timestamp: 1776947141407
- conda: https://conda.anaconda.org/conda-forge/linux-64/ld_impl_linux-64-2.45.1-default_hbd61a6d_102.conda
  sha256: 3d584956604909ff5df353767f3a2a2f60e07d070b328d109f30ac40cd62df6c
  md5: 18335a698559cdbcd86150a48bf54ba6
  depends:
  - __glibc >=2.17,<3.0.a0
  - zstd >=1.5.7,<1.6.0a0
  constrains:
  - binutils_impl_linux-64 2.45.1
  license: GPL-3.0-only
  license_family: GPL
  size: 728002
  timestamp: 1774197446916
- conda: https://conda.anaconda.org/conda-forge/linux-aarch64/ld_impl_linux-aarch64-2.45.1-default_h1979696_102.conda
  sha256: 7abd913d81a9bf00abb699e8987966baa2065f5132e37e815f92d90fc6bba530
  md5: a21644fc4a83da26452a718dc9468d5f
  depends:
  - zstd >=1.5.7,<1.6.0a0
  constrains:
  - binutils_impl_linux-aarch64 2.45.1
  license: GPL-3.0-only
  license_family: GPL
  size: 875596
  timestamp: 1774197520746
- conda: https://conda.anaconda.org/conda-forge/linux-64/libexpat-2.7.5-hecca717_0.conda
  sha256: e8c2b57f6aacabdf2f1b0924bd4831ce5071ba080baa4a9e8c0d720588b6794c
  md5: 49f570f3bc4c874a06ea69b7225753af
  depends:
  - __glibc >=2.17,<3.0.a0
  - libgcc >=14
  constrains:
  - expat 2.7.5.*
  license: MIT
  license_family: MIT
  size: 76624
  timestamp: 1774719175983
- conda: https://conda.anaconda.org/conda-forge/linux-aarch64/libexpat-2.7.5-hfae3067_0.conda
  sha256: 6d438fc0bfdb263c24654fe49c09b31f06ec78eb709eb386392d2499af105f85
  md5: 05d1e0b30acd816a192c03dc6e164f4d
  depends:
  - libgcc >=14
  constrains:
  - expat 2.7.5.*
  license: MIT
  license_family: MIT
  size: 76523
  timestamp: 1774719129371
- conda: https://conda.anaconda.org/conda-forge/linux-64/libffi-3.5.2-h3435931_0.conda
  sha256: 31f19b6a88ce40ebc0d5a992c131f57d919f73c0b92cd1617a5bec83f6e961e6
  md5: a360c33a5abe61c07959e449fa1453eb
  depends:
  - __glibc >=2.17,<3.0.a0
  - libgcc >=14
  license: MIT
  license_family: MIT
  size: 58592
  timestamp: 1769456073053
- conda: https://conda.anaconda.org/conda-forge/linux-aarch64/libffi-3.5.2-h376a255_0.conda
  sha256: 3df4c539449aabc3443bbe8c492c01d401eea894603087fca2917aa4e1c2dea9
  md5: 2f364feefb6a7c00423e80dcb12db62a
  depends:
  - libgcc >=14
  license: MIT
  license_family: MIT
  size: 55952
  timestamp: 1769456078358
- conda: https://conda.anaconda.org/conda-forge/linux-64/libgcc-15.2.0-he0feb66_18.conda
  sha256: faf7d2017b4d718951e3a59d081eb09759152f93038479b768e3d612688f83f5
  md5: 0aa00f03f9e39fb9876085dee11a85d4
  depends:
  - __glibc >=2.17,<3.0.a0
  - _openmp_mutex >=4.5
  constrains:
  - libgcc-ng ==15.2.0=*_18
  - libgomp 15.2.0 he0feb66_18
  license: GPL-3.0-only WITH GCC-exception-3.1
  license_family: GPL
  size: 1041788
  timestamp: 1771378212382
- conda: https://conda.anaconda.org/conda-forge/linux-aarch64/libgcc-15.2.0-h8acb6b2_18.conda
  sha256: 43df385bedc1cab11993c4369e1f3b04b4ca5d0ea16cba6a0e7f18dbc129fcc9
  md5: 552567ea2b61e3a3035759b2fdb3f9a6
  depends:
  - _openmp_mutex >=4.5
  constrains:
  - libgcc-ng ==15.2.0=*_18
  - libgomp 15.2.0 h8acb6b2_18
  license: GPL-3.0-only WITH GCC-exception-3.1
  license_family: GPL
  size: 622900
  timestamp: 1771378128706
- conda: https://conda.anaconda.org/conda-forge/linux-64/libgcc-ng-15.2.0-h69a702a_18.conda
  sha256: e318a711400f536c81123e753d4c797a821021fb38970cebfb3f454126016893
  md5: d5e96b1ed75ca01906b3d2469b4ce493
  depends:
  - libgcc 15.2.0 he0feb66_18
  license: GPL-3.0-only WITH GCC-exception-3.1
  license_family: GPL
  size: 27526
  timestamp: 1771378224552
- conda: https://conda.anaconda.org/conda-forge/linux-aarch64/libgcc-ng-15.2.0-he9431aa_18.conda
  sha256: 83bb0415f59634dccfa8335d4163d1f6db00a27b36666736f9842b650b92cf2f
  md5: 4feebd0fbf61075a1a9c2e9b3936c257
  depends:
  - libgcc 15.2.0 h8acb6b2_18
  license: GPL-3.0-only WITH GCC-exception-3.1
  license_family: GPL
  size: 27568
  timestamp: 1771378136019
- conda: https://conda.anaconda.org/conda-forge/linux-64/libgomp-15.2.0-he0feb66_18.conda
  sha256: 21337ab58e5e0649d869ab168d4e609b033509de22521de1bfed0c031bfc5110
  md5: 239c5e9546c38a1e884d69effcf4c882
  depends:
  - __glibc >=2.17,<3.0.a0
  license: GPL-3.0-only WITH GCC-exception-3.1
  license_family: GPL
  size: 603262
  timestamp: 1771378117851
- conda: https://conda.anaconda.org/conda-forge/linux-aarch64/libgomp-15.2.0-h8acb6b2_18.conda
  sha256: fc716f11a6a8525e27a5d332ef6a689210b0d2a4dd1133edc0f530659aa9faa6
  md5: 4faa39bf919939602e594253bd673958
  license: GPL-3.0-only WITH GCC-exception-3.1
  license_family: GPL
  size: 588060
  timestamp: 1771378040807
- conda: https://conda.anaconda.org/conda-forge/linux-64/liblzma-5.8.3-hb03c661_0.conda
  sha256: ec30e52a3c1bf7d0425380a189d209a52baa03f22fb66dd3eb587acaa765bd6d
  md5: b88d90cad08e6bc8ad540cb310a761fb
  depends:
  - __glibc >=2.17,<3.0.a0
  - libgcc >=14
  constrains:
  - xz 5.8.3.*
  license: 0BSD
  size: 113478
  timestamp: 1775825492909
- conda: https://conda.anaconda.org/conda-forge/linux-aarch64/liblzma-5.8.3-he30d5cf_0.conda
  sha256: d61962b9cd54c3554361550203c64d5b65b71e3058a285b66e4b04b9769f0a5c
  md5: 76298a9e6d71ee6e832a8d0d7373b261
  depends:
  - libgcc >=14
  constrains:
  - xz 5.8.3.*
  license: 0BSD
  size: 126102
  timestamp: 1775828008518
- conda: https://conda.anaconda.org/conda-forge/linux-64/libmpdec-4.0.0-hb03c661_1.conda
  sha256: fe171ed5cf5959993d43ff72de7596e8ac2853e9021dec0344e583734f1e0843
  md5: 2c21e66f50753a083cbe6b80f38268fa
  depends:
  - __glibc >=2.17,<3.0.a0
  - libgcc >=14
  license: BSD-2-Clause
  license_family: BSD
  size: 92400
  timestamp: 1769482286018
- conda: https://conda.anaconda.org/conda-forge/linux-aarch64/libmpdec-4.0.0-he30d5cf_1.conda
  sha256: 57c0dd12d506e84541c4e877898bd2a59cca141df493d34036f18b2751e0a453
  md5: 7b9813e885482e3ccb1fa212b86d7fd0
  depends:
  - libgcc >=14
  license: BSD-2-Clause
  license_family: BSD
  size: 114056
  timestamp: 1769482343003
- conda: https://conda.anaconda.org/conda-forge/linux-64/libsqlite-3.53.0-hf4e2dac_0.conda
  sha256: ec37c79f737933bbac965f5dc0f08ef2790247129a84bb3114fad4900adce401
  md5: 810d83373448da85c3f673fbcb7ad3a3
  depends:
  - __glibc >=2.17,<3.0.a0
  - icu >=78.3,<79.0a0
  - libgcc >=14
  - libzlib >=1.3.2,<2.0a0
  license: blessing
  size: 958864
  timestamp: 1775753750179
- conda: https://conda.anaconda.org/conda-forge/linux-aarch64/libsqlite-3.53.0-h022381a_0.conda
  sha256: 2cc87e1394245188dd7c2c621f14ad0d15910d842e3541e8a571dc94d222ce75
  md5: 86db4036fd08bf34e991bf48a8af405d
  depends:
  - libgcc >=14
  - libzlib >=1.3.2,<2.0a0
  license: blessing
  size: 954351
  timestamp: 1775753767469
- conda: https://conda.anaconda.org/conda-forge/linux-64/libstdcxx-15.2.0-h934c35e_18.conda
  sha256: 78668020064fdaa27e9ab65cd2997e2c837b564ab26ce3bf0e58a2ce1a525c6e
  md5: 1b08cd684f34175e4514474793d44bcb
  depends:
  - __glibc >=2.17,<3.0.a0
  - libgcc 15.2.0 he0feb66_18
  constrains:
  - libstdcxx-ng ==15.2.0=*_18
  license: GPL-3.0-only WITH GCC-exception-3.1
  license_family: GPL
  size: 5852330
  timestamp: 1771378262446
- conda: https://conda.anaconda.org/conda-forge/linux-aarch64/libstdcxx-15.2.0-hef695bb_18.conda
  sha256: 31fdb9ffafad106a213192d8319b9f810e05abca9c5436b60e507afb35a6bc40
  md5: f56573d05e3b735cb03efeb64a15f388
  depends:
  - libgcc 15.2.0 h8acb6b2_18
  constrains:
  - libstdcxx-ng ==15.2.0=*_18
  license: GPL-3.0-only WITH GCC-exception-3.1
  license_family: GPL
  size: 5541411
  timestamp: 1771378162499
- conda: https://conda.anaconda.org/conda-forge/linux-64/libstdcxx-ng-15.2.0-hdf11a46_18.conda
  sha256: 3c902ffd673cb3c6ddde624cdb80f870b6c835f8bf28384b0016e7d444dd0145
  md5: 6235adb93d064ecdf3d44faee6f468de
  depends:
  - libstdcxx 15.2.0 h934c35e_18
  license: GPL-3.0-only WITH GCC-exception-3.1
  license_family: GPL
  size: 27575
  timestamp: 1771378314494
- conda: https://conda.anaconda.org/conda-forge/linux-aarch64/libstdcxx-ng-15.2.0-hdbbeba8_18.conda
  sha256: 035a31cde134e706e30029a837a31f729ad32b7c5bca023271dfe91a8ba6c896
  md5: 699d294376fe18d80b7ce7876c3a875d
  depends:
  - libstdcxx 15.2.0 hef695bb_18
  license: GPL-3.0-only WITH GCC-exception-3.1
  license_family: GPL
  size: 27645
  timestamp: 1771378204663
- conda: https://conda.anaconda.org/conda-forge/linux-64/libuuid-2.42-h5347b49_0.conda
  sha256: bc1b08c92626c91500fd9f26f2c797f3eb153b627d53e9c13cd167f1e12b2829
  md5: 38ffe67b78c9d4de527be8315e5ada2c
  depends:
  - __glibc >=2.17,<3.0.a0
  - libgcc >=14
  license: BSD-3-Clause
  license_family: BSD
  size: 40297
  timestamp: 1775052476770
- conda: https://conda.anaconda.org/conda-forge/linux-aarch64/libuuid-2.42-h1022ec0_0.conda
  sha256: 7d427edf58c702c337bf62bc90f355b7fc374a65fd9f70ea7a490f13bb76b1b9
  md5: a0b5de740d01c390bdbb46d7503c9fab
  depends:
  - libgcc >=14
  license: BSD-3-Clause
  license_family: BSD
  size: 43567
  timestamp: 1775052485727
- conda: https://conda.anaconda.org/conda-forge/linux-64/libzlib-1.3.2-h25fd6f3_2.conda
  sha256: 55044c403570f0dc26e6364de4dc5368e5f3fc7ff103e867c487e2b5ab2bcda9
  md5: d87ff7921124eccd67248aa483c23fec
  depends:
  - __glibc >=2.17,<3.0.a0
  constrains:
  - zlib 1.3.2 *_2
  license: Zlib
  license_family: Other
  size: 63629
  timestamp: 1774072609062
- conda: https://conda.anaconda.org/conda-forge/linux-aarch64/libzlib-1.3.2-hdc9db2a_2.conda
  sha256: eb111e32e5a7313a5bf799c7fb2419051fa2fe7eff74769fac8d5a448b309f7f
  md5: 502006882cf5461adced436e410046d1
  constrains:
  - zlib 1.3.2 *_2
  license: Zlib
  license_family: Other
  size: 69833
  timestamp: 1774072605429
- conda: https://conda.anaconda.org/conda-forge/linux-64/ncurses-6.6-hdb14827_0.conda
  sha256: fc89f74bbe362fb29fa3c037697a89bec140b346a2469a90f7936d1d7ea4d8a3
  md5: fc21868a1a5aacc937e7a18747acb8a5
  depends:
  - __glibc >=2.17,<3.0.a0
  - libgcc >=14
  license: X11 AND BSD-3-Clause
  size: 918956
  timestamp: 1777422145199
- conda: https://conda.anaconda.org/conda-forge/linux-aarch64/ncurses-6.6-hf8d1292_0.conda
  sha256: 369db85c5cd8d99dde364ce70725d76511d9c8199e5b820c740414091bf5bcca
  md5: b2a43456aa56fe80c2477a5094899eff
  depends:
  - libgcc >=14
  license: X11 AND BSD-3-Clause
  size: 960036
  timestamp: 1777422174534
- conda: https://conda.anaconda.org/conda-forge/linux-64/openssl-3.6.2-h35e630c_0.conda
  sha256: c0ef482280e38c71a08ad6d71448194b719630345b0c9c60744a2010e8a8e0cb
  md5: da1b85b6a87e141f5140bb9924cecab0
  depends:
  - __glibc >=2.17,<3.0.a0
  - ca-certificates
  - libgcc >=14
  license: Apache-2.0
  license_family: Apache
  size: 3167099
  timestamp: 1775587756857
- conda: https://conda.anaconda.org/conda-forge/linux-aarch64/openssl-3.6.2-h546c87b_0.conda
  sha256: 348cb74c1530ac241215d047ef65d134cf797af935c97a68655319362b7e6a01
  md5: 3b129669089e4d6a5c6871dbb4669b99
  depends:
  - ca-certificates
  - libgcc >=14
  license: Apache-2.0
  license_family: Apache
  size: 3706406
  timestamp: 1775589602258
- conda: https://conda.anaconda.org/conda-forge/linux-64/patchelf-0.17.2-h58526e2_0.conda
  sha256: eb355ac225be2f698e19dba4dcab7cb0748225677a9799e9cc8e4cadc3cb738f
  md5: ba76a6a448819560b5f8b08a9c74f415
  depends:
  - libgcc-ng >=7.5.0
  - libstdcxx-ng >=7.5.0
  license: GPL-3.0-or-later
  license_family: GPL
  size: 94048
  timestamp: 1673473024463
- conda: https://conda.anaconda.org/conda-forge/linux-aarch64/patchelf-0.17.2-h884eca8_0.conda
  sha256: 8b98158f36a7a92013a1982ab7a60947151350ac5c513c1d1575825d0fa52518
  md5: bbd8dee69c4ac2e2d07bca100b8fcc31
  depends:
  - libgcc-ng >=7.5.0
  - libstdcxx-ng >=7.5.0
  license: GPL-3.0-or-later
  license_family: GPL
  size: 101306
  timestamp: 1673473812166
- conda: https://conda.anaconda.org/conda-forge/linux-64/pinact-3.9.2-hfc2019e_0.conda
  sha256: 7d5765c5b6c5bf37a087d5a16c81852bfeb21de69ae920fd081314fcc4bd6b65
  md5: 9e7046eb27348aaf894de45109bcea26
  license: MIT
  license_family: MIT
  size: 5379581
  timestamp: 1777499793166
- conda: https://conda.anaconda.org/conda-forge/linux-aarch64/pinact-3.9.2-h22914b5_0.conda
  sha256: 62cf4f6eb529203a5c7321e4b94149519cf2fbfa66b511288be04c6ddca55685
  md5: 977b8b384d719ebb88b3ac810fe65dd5
  license: MIT
  license_family: MIT
  size: 4879508
  timestamp: 1777499731059
- conda: https://conda.anaconda.org/conda-forge/noarch/pysocks-1.7.1-pyha55dd90_7.conda
  sha256: ba3b032fa52709ce0d9fd388f63d330a026754587a2f461117cac9ab73d8d0d8
  md5: 461219d1a5bd61342293efa2c0c90eac
  depends:
  - __unix
  - python >=3.9
  license: BSD-3-Clause
  license_family: BSD
  size: 21085
  timestamp: 1733217331982
- conda: https://conda.anaconda.org/conda-forge/linux-64/python-3.14.4-habeac84_100_cp314.conda
  build_number: 100
  sha256: dec247c5badc811baa34d6085df9d0465535883cf745e22e8d79092ad54a3a7b
  md5: a443f87920815d41bfe611296e507995
  depends:
  - __glibc >=2.17,<3.0.a0
  - bzip2 >=1.0.8,<2.0a0
  - ld_impl_linux-64 >=2.36.1
  - libexpat >=2.7.5,<3.0a0
  - libffi >=3.5.2,<3.6.0a0
  - libgcc >=14
  - liblzma >=5.8.2,<6.0a0
  - libmpdec >=4.0.0,<5.0a0
  - libsqlite >=3.52.0,<4.0a0
  - libuuid >=2.42,<3.0a0
  - libzlib >=1.3.2,<2.0a0
  - ncurses >=6.5,<7.0a0
  - openssl >=3.5.6,<4.0a0
  - python_abi 3.14.* *_cp314
  - readline >=8.3,<9.0a0
  - tk >=8.6.13,<8.7.0a0
  - tzdata
  - zstd >=1.5.7,<1.6.0a0
  license: Python-2.0
  size: 36705460
  timestamp: 1775614357822
  python_site_packages_path: lib/python3.14/site-packages
- conda: https://conda.anaconda.org/conda-forge/linux-aarch64/python-3.14.4-hfd9ac0a_100_cp314.conda
  build_number: 100
  sha256: d29da77f75e8f9184cc9502d5c44be87397291a9e88819d5418322a173f76303
  md5: 3cfbe780f0f51cc8cba41db9f8a28bfe
  depends:
  - bzip2 >=1.0.8,<2.0a0
  - ld_impl_linux-aarch64 >=2.36.1
  - libexpat >=2.7.5,<3.0a0
  - libffi >=3.5.2,<3.6.0a0
  - libgcc >=14
  - liblzma >=5.8.2,<6.0a0
  - libmpdec >=4.0.0,<5.0a0
  - libsqlite >=3.52.0,<4.0a0
  - libuuid >=2.42,<3.0a0
  - libzlib >=1.3.2,<2.0a0
  - ncurses >=6.5,<7.0a0
  - openssl >=3.5.6,<4.0a0
  - python_abi 3.14.* *_cp314
  - readline >=8.3,<9.0a0
  - tk >=8.6.13,<8.7.0a0
  - tzdata
  - zstd >=1.5.7,<1.6.0a0
  license: Python-2.0
  size: 37409899
  timestamp: 1775613674766
  python_site_packages_path: lib/python3.14/site-packages
- conda: https://conda.anaconda.org/conda-forge/noarch/python_abi-3.14-8_cp314.conda
  build_number: 8
  sha256: ad6d2e9ac39751cc0529dd1566a26751a0bf2542adb0c232533d32e176e21db5
  md5: 0539938c55b6b1a59b560e843ad864a4
  constrains:
  - python 3.14.* *_cp314
  license: BSD-3-Clause
  license_family: BSD
  size: 6989
  timestamp: 1752805904792
- conda: https://conda.anaconda.org/conda-forge/linux-64/rattler-build-0.63.1-ha759004_0.conda
  sha256: b74a2b56deced516b2aa41f6be29e564e6c2e34420cab47fa13e9163473f0cfd
  md5: 08283f85aed2327953f475aa4bb74eeb
  depends:
  - patchelf
  - __glibc >=2.17,<3.0.a0
  - libstdcxx >=14
  - libgcc >=14
  - openssl >=3.5.6,<4.0a0
  constrains:
  - __glibc >=2.17
  license: BSD-3-Clause
  license_family: BSD
  size: 18960593
  timestamp: 1777302457090
- conda: https://conda.anaconda.org/conda-forge/linux-aarch64/rattler-build-0.63.1-h1d7f6d8_0.conda
  sha256: 33de2460d8766b5cf0476ad792b154c70ac44fa23383d1e033ff4d929c9978a2
  md5: 8e8ff2b83e52a9cb9dd140887c4c39cd
  depends:
  - patchelf
  - libgcc >=14
  - libstdcxx >=14
  - openssl >=3.5.6,<4.0a0
  constrains:
  - __glibc >=2.17
  license: BSD-3-Clause
  license_family: BSD
  size: 18551002
  timestamp: 1777302460064
- conda: https://conda.anaconda.org/conda-forge/linux-64/readline-8.3-h853b02a_0.conda
  sha256: 12ffde5a6f958e285aa22c191ca01bbd3d6e710aa852e00618fa6ddc59149002
  md5: d7d95fc8287ea7bf33e0e7116d2b95ec
  depends:
  - __glibc >=2.17,<3.0.a0
  - libgcc >=14
  - ncurses >=6.5,<7.0a0
  license: GPL-3.0-only
  license_family: GPL
  size: 345073
  timestamp: 1765813471974
- conda: https://conda.anaconda.org/conda-forge/linux-aarch64/readline-8.3-hb682ff5_0.conda
  sha256: fe695f9d215e9a2e3dd0ca7f56435ab4df24f5504b83865e3d295df36e88d216
  md5: 3d49cad61f829f4f0e0611547a9cda12
  depends:
  - libgcc >=14
  - ncurses >=6.5,<7.0a0
  license: GPL-3.0-only
  license_family: GPL
  size: 357597
  timestamp: 1765815673644
- conda: https://conda.anaconda.org/conda-forge/noarch/requests-2.33.1-pyhcf101f3_1.conda
  sha256: 7f2c24dd3bd3c104a1d2c9a10ead5ed6758b0976b74f972cfe9c19884ccc4241
  md5: 9659f587a8ceacc21864260acd02fc67
  depends:
  - python >=3.10
  - certifi >=2023.5.7
  - charset-normalizer >=2,<4
  - idna >=2.5,<4
  - urllib3 >=1.26,<3
  - python
  constrains:
  - chardet >=3.0.2,<8
  license: Apache-2.0
  license_family: APACHE
  size: 63728
  timestamp: 1777030058920
- conda: https://conda.anaconda.org/conda-forge/noarch/soupsieve-2.8.3-pyhd8ed1ab_0.conda
  sha256: 23b71ecf089967d2900126920e7f9ff18cdcef82dbff3e2f54ffa360243a17ac
  md5: 18de09b20462742fe093ba39185d9bac
  depends:
  - python >=3.10
  license: MIT
  license_family: MIT
  size: 38187
  timestamp: 1769034509657
- conda: https://conda.anaconda.org/conda-forge/linux-64/tk-8.6.13-noxft_h366c992_103.conda
  sha256: cafeec44494f842ffeca27e9c8b0c27ed714f93ac77ddadc6aaf726b5554ebac
  md5: cffd3bdd58090148f4cfcd831f4b26ab
  depends:
  - __glibc >=2.17,<3.0.a0
  - libgcc >=14
  - libzlib >=1.3.1,<2.0a0
  constrains:
  - xorg-libx11 >=1.8.12,<2.0a0
  license: TCL
  license_family: BSD
  size: 3301196
  timestamp: 1769460227866
- conda: https://conda.anaconda.org/conda-forge/linux-aarch64/tk-8.6.13-noxft_h0dc03b3_103.conda
  sha256: e25c314b52764219f842b41aea2c98a059f06437392268f09b03561e4f6e5309
  md5: 7fc6affb9b01e567d2ef1d05b84aa6ed
  depends:
  - libgcc >=14
  - libzlib >=1.3.1,<2.0a0
  constrains:
  - xorg-libx11 >=1.8.12,<2.0a0
  license: TCL
  license_family: BSD
  size: 3368666
  timestamp: 1769464148928
- conda: https://conda.anaconda.org/conda-forge/noarch/typing-extensions-4.15.0-h396c80c_0.conda
  sha256: 7c2df5721c742c2a47b2c8f960e718c930031663ac1174da67c1ed5999f7938c
  md5: edd329d7d3a4ab45dcf905899a7a6115
  depends:
  - typing_extensions ==4.15.0 pyhcf101f3_0
  license: PSF-2.0
  license_family: PSF
  size: 91383
  timestamp: 1756220668932
- conda: https://conda.anaconda.org/conda-forge/noarch/typing_extensions-4.15.0-pyhcf101f3_0.conda
  sha256: 032271135bca55aeb156cee361c81350c6f3fb203f57d024d7e5a1fc9ef18731
  md5: 0caa1af407ecff61170c9437a808404d
  depends:
  - python >=3.10
  - python
  license: PSF-2.0
  license_family: PSF
  size: 51692
  timestamp: 1756220668932
- conda: https://conda.anaconda.org/conda-forge/noarch/tzdata-2025c-hc9c84f9_1.conda
  sha256: 1d30098909076af33a35017eed6f2953af1c769e273a0626a04722ac4acaba3c
  md5: ad659d0a2b3e47e38d829aa8cad2d610
  license: LicenseRef-Public-Domain
  size: 119135
  timestamp: 1767016325805
- conda: https://conda.anaconda.org/conda-forge/noarch/urllib3-2.6.3-pyhd8ed1ab_0.conda
  sha256: af641ca7ab0c64525a96fd9ad3081b0f5bcf5d1cbb091afb3f6ed5a9eee6111a
  md5: 9272daa869e03efe68833e3dc7a02130
  depends:
  - backports.zstd >=1.0.0
  - brotli-python >=1.2.0
  - h2 >=4,<5
  - pysocks >=1.5.6,<2.0,!=1.5.7
  - python >=3.10
  license: MIT
  license_family: MIT
  size: 103172
  timestamp: 1767817860341
- conda: https://conda.anaconda.org/conda-forge/linux-64/zizmor-1.24.1-hb17b654_0.conda
  sha256: 58dbfa4f5fca801edebac6d5e770cb6b37816cb73c0016088a0d55b35d8cba4f
  md5: ecd23f3e1de203a92991edf69fd61e14
  depends:
  - __glibc >=2.17,<3.0.a0
  - libgcc >=14
  constrains:
  - __glibc >=2.17
  license: MIT
  license_family: MIT
  size: 7003303
  timestamp: 1776165056488
- conda: https://conda.anaconda.org/conda-forge/linux-aarch64/zizmor-1.24.1-h069e38c_0.conda
  sha256: d2ae46922c71f9702f75b9df760fdb337539cb06aa0d90426bba91ce1e7e18be
  md5: 78ac7d34fbcdc8c7473d5b397371e67f
  depends:
  - libgcc >=14
  constrains:
  - __glibc >=2.17
  license: MIT
  license_family: MIT
  size: 6729876
  timestamp: 1776165076116
- conda: https://conda.anaconda.org/conda-forge/linux-64/zstd-1.5.7-hb78ec9c_6.conda
  sha256: 68f0206ca6e98fea941e5717cec780ed2873ffabc0e1ed34428c061e2c6268c7
  md5: 4a13eeac0b5c8e5b8ab496e6c4ddd829
  depends:
  - __glibc >=2.17,<3.0.a0
  - libzlib >=1.3.1,<2.0a0
  license: BSD-3-Clause
  license_family: BSD
  size: 601375
  timestamp: 1764777111296
- conda: https://conda.anaconda.org/conda-forge/linux-aarch64/zstd-1.5.7-h85ac4a6_6.conda
  sha256: 569990cf12e46f9df540275146da567d9c618c1e9c7a0bc9d9cfefadaed20b75
  md5: c3655f82dcea2aa179b291e7099c1fcc
  depends:
  - libzlib >=1.3.1,<2.0a0
  license: BSD-3-Clause
  license_family: BSD
  size: 614429
  timestamp: 1764777145593
